
Microsoft Visual Studio Solution File, Format Version 12.00
# Visual Studio Version 17
VisualStudioVersion = 17.1.32319.34
MinimumVisualStudioVersion = 10.0.40219.1
Project("{FAE04EC0-301F-11D3-BF4B-00C04F79EFBC}") = "KATA", "KATA\KATA.csproj", "{4AE00E0C-BDFE-4174-A61B-E14FABB0E22C}"
EndProject
Project("{FAE04EC0-301F-11D3-BF4B-00C04F79EFBC}") = "Price_Calculator_Testing", "Price_Calculator_Testing\Price_Calculator_Testing.csproj", "{356FDBD8-B78C-46DE-95EB-3387B65E91AF}"
EndProject
Global
	GlobalSection(SolutionConfigurationPlatforms) = preSolution
		Debug|Any CPU = Debug|Any CPU
		Release|Any CPU = Release|Any CPU
	EndGlobalSection
	GlobalSection(ProjectConfigurationPlatforms) = postSolution
		{4AE00E0C-BDFE-4174-A61B-E14FABB0E22C}.Debug|Any CPU.ActiveCfg = Debug|Any CPU
		{4AE00E0C-BDFE-4174-A61B-E14FABB0E22C}.Debug|Any CPU.Build.0 = Debug|Any CPU
		{4AE00E0C-BDFE-4174-A61B-E14FABB0E22C}.Release|Any CPU.ActiveCfg = Release|Any CPU
		{4AE00E0C-BDFE-4174-A61B-E14FABB0E22C}.Release|Any CPU.Build.0 = Release|Any CPU
		{356FDBD8-B78C-46DE-95EB-3387B65E91AF}.Debug|Any CPU.ActiveCfg = Debug|Any CPU
		{356FDBD8-B78C-46DE-95EB-3387B65E91AF}.Debug|Any CPU.Build.0 = Debug|Any CPU
		{356FDBD8-B78C-46DE-95EB-3387B65E91AF}.Release|Any CPU.ActiveCfg = Release|Any CPU
		{356FDBD8-B78C-46DE-95EB-3387B65E91AF}.Release|Any CPU.Build.0 = Release|Any CPU
	EndGlobalSection
	GlobalSection(SolutionProperties) = preSolution
		HideSolutionNode = FALSE
	EndGlobalSection
	GlobalSection(ExtensibilityGlobals) = postSolution
		SolutionGuid = {A840E34F-9BC0-44EA-BCD3-5A8B586B64E3}
	EndGlobalSection
EndGlobal
